
Microsoft Visual Studio Solution File, Format Version 12.00
# Visual Studio Version 16
VisualStudioVersion = 16.0.31424.327
MinimumVisualStudioVersion = 10.0.40219.1
Project("{9A19103F-16F7-4668-BE54-9A1E7A4F7556}") = "AspNetCore_WebQuanLyQuanCafe", "AspNetCore_WebQuanLyQuanCafe\AspNetCore_WebQuanLyQuanCafe.csproj", "{D7974A20-714E-4557-A133-23A53AAC755B}"
EndProject
Project("{FAE04EC0-301F-11D3-BF4B-00C04F79EFBC}") = "MVC_WebQuanLyQuanCafe", "MVC_WebQuanLyQuanCafe\MVC_WebQuanLyQuanCafe.csproj", "{ECC3BEA0-7F96-44D8-BFBD-02761C73BBBE}"
EndProject
Global
	GlobalSection(SolutionConfigurationPlatforms) = preSolution
		Debug|Any CPU = Debug|Any CPU
		Release|Any CPU = Release|Any CPU
	EndGlobalSection
	GlobalSection(ProjectConfigurationPlatforms) = postSolution
		{D7974A20-714E-4557-A133-23A53AAC755B}.Debug|Any CPU.ActiveCfg = Debug|Any CPU
		{D7974A20-714E-4557-A133-23A53AAC755B}.Debug|Any CPU.Build.0 = Debug|Any CPU
		{D7974A20-714E-4557-A133-23A53AAC755B}.Release|Any CPU.ActiveCfg = Release|Any CPU
		{D7974A20-714E-4557-A133-23A53AAC755B}.Release|Any CPU.Build.0 = Release|Any CPU
		{ECC3BEA0-7F96-44D8-BFBD-02761C73BBBE}.Debug|Any CPU.ActiveCfg = Debug|Any CPU
		{ECC3BEA0-7F96-44D8-BFBD-02761C73BBBE}.Debug|Any CPU.Build.0 = Debug|Any CPU
		{ECC3BEA0-7F96-44D8-BFBD-02761C73BBBE}.Release|Any CPU.ActiveCfg = Release|Any CPU
		{ECC3BEA0-7F96-44D8-BFBD-02761C73BBBE}.Release|Any CPU.Build.0 = Release|Any CPU
	EndGlobalSection
	GlobalSection(SolutionProperties) = preSolution
		HideSolutionNode = FALSE
	EndGlobalSection
	GlobalSection(ExtensibilityGlobals) = postSolution
		SolutionGuid = {0AD9355B-42A8-4A75-8968-B0B8AE6D1492}
	EndGlobalSection
EndGlobal
